<?xml version="1.0" encoding="utf-8"?>
<Project ToolsVersion="4.0" xmlns="http://schemas.microsoft.com/developer/msbuild/2003">
  <ItemGroup>
    <ClCompile Include="ActionCube.cpp" />
    <ClCompile Include="ActionMoveTo.cpp" />
    <ClCompile Include="ActionRepeat.cpp" />
    <ClCompile Include="ActionSequence.cpp" />
    <ClCompile Include="AllocateHierarchy.cpp" />
    <ClCompile Include="Application.cpp" />
    <ClCompile Include="AseCharacter.cpp" />
    <ClCompile Include="AseLoader.cpp" />
    <ClCompile Include="AseObject.cpp" />
    <ClCompile Include="AStar.cpp" />
    <ClCompile Include="AStarNode.cpp" />
    <ClCompile Include="BaseObject.cpp" />
    <ClCompile Include="BloodEffect.cpp" />
    <ClCompile Include="BloodParticle.cpp" />
    <ClCompile Include="BoundingBox.cpp" />
    <ClCompile Include="Camera.cpp" />
    <ClCompile Include="CharacterStatus.cpp" />
    <ClCompile Include="Cube.cpp" />
    <ClCompile Include="Cubeman.cpp" />
    <ClCompile Include="CubemanParts.cpp" />
    <ClCompile Include="Cubeman_Head.cpp" />
    <ClCompile Include="Cubeman_Left_arm.cpp" />
    <ClCompile Include="Cubeman_Left_leg.cpp" />
    <ClCompile Include="Cubeman_Right_arm.cpp" />
    <ClCompile Include="Cubeman_Right_leg.cpp" />
    <ClCompile Include="D3DUtility.cpp" />
    <ClCompile Include="Debug.cpp" />
    <ClCompile Include="DeviceManager.cpp" />
    <ClCompile Include="DrawingGroup.cpp" />
    <ClCompile Include="DX3D.cpp" />
    <ClCompile Include="Enemy.cpp" />
    <ClCompile Include="Enemyman.cpp" />
    <ClCompile Include="EnemyManager.cpp" />
    <ClCompile Include="FontManager.cpp" />
    <ClCompile Include="Frustum.cpp" />
    <ClCompile Include="GlobalDefinition.cpp" />
    <ClCompile Include="Grid.cpp" />
    <ClCompile Include="Gun.cpp" />
    <ClCompile Include="Heap.cpp" />
    <ClCompile Include="HeightMap.cpp" />
    <ClCompile Include="Hexagon.cpp" />
    <ClCompile Include="IAction.cpp" />
    <ClCompile Include="IActionObject.cpp" />
    <ClCompile Include="IDisplayObject.cpp" />
    <ClCompile Include="InventoryManager.cpp" />
    <ClCompile Include="Ironman.cpp" />
    <ClCompile Include="ItemImage.cpp" />
    <ClCompile Include="ItemManager.cpp" />
    <ClCompile Include="IUIObject.cpp" />
    <ClCompile Include="IUnitObject.cpp" />
    <ClCompile Include="Keyboard.cpp" />
    <ClCompile Include="KeyboardManager.cpp" />
    <ClCompile Include="LightingShader.cpp" />
    <ClCompile Include="MapManager.cpp" />
    <ClCompile Include="Mouse.cpp" />
    <ClCompile Include="ObjLoader.cpp" />
    <ClCompile Include="ObjManager.cpp" />
    <ClCompile Include="ObjMap.cpp" />
    <ClCompile Include="ParticleTest.cpp" />
    <ClCompile Include="Picking.cpp" />
    <ClCompile Include="Ray.cpp" />
    <ClCompile Include="SampleUI.cpp" />
    <ClCompile Include="SceneGrid.cpp" />
    <ClCompile Include="SceneHeightmap.cpp" />
    <ClCompile Include="SceneManager.cpp" />
    <ClCompile Include="SceneObjMap.cpp" />
    <ClCompile Include="Scene_UI.cpp" />
    <ClCompile Include="Shaders.cpp" />
    <ClCompile Include="ShadowMappingShader.cpp" />
    <ClCompile Include="Shop.cpp" />
    <ClCompile Include="SkinnedMesh.cpp" />
    <ClCompile Include="SkyBox.cpp" />
    <ClCompile Include="SoundManager.cpp" />
    <ClCompile Include="stdafx.cpp" />
    <ClCompile Include="TeachGrid.cpp" />
    <ClCompile Include="TextureManager.cpp" />
    <ClCompile Include="TimeManager.cpp" />
    <ClCompile Include="UIButton.cpp" />
    <ClCompile Include="UIImage.cpp" />
    <ClCompile Include="UIManager.cpp" />
    <ClCompile Include="UIText.cpp" />
    <ClCompile Include="VertexBlending.cpp" />
    <ClCompile Include="Walls.cpp" />
  </ItemGroup>
  <ItemGroup>
    <ClInclude Include="ActionCube.h" />
    <ClInclude Include="ActionMoveTo.h" />
    <ClInclude Include="ActionRepeat.h" />
    <ClInclude Include="ActionSequence.h" />
    <ClInclude Include="AllocateHierarchy.h" />
    <ClInclude Include="Application.h" />
    <ClInclude Include="Asciitok.h" />
    <ClInclude Include="AseCharacter.h" />
    <ClInclude Include="AseLoader.h" />
    <ClInclude Include="AseObject.h" />
    <ClInclude Include="AStar.h" />
    <ClInclude Include="AStarNode.h" />
    <ClInclude Include="BaseObject.h" />
    <ClInclude Include="BloodEffect.h" />
    <ClInclude Include="BloodParticle.h" />
    <ClInclude Include="BoundingBox.h" />
    <ClInclude Include="Camera.h" />
    <ClInclude Include="CharacterStatus.h" />
    <ClInclude Include="Cube.h" />
    <ClInclude Include="Cubeman.h" />
    <ClInclude Include="CubemanParts.h" />
    <ClInclude Include="Cubeman_Head.h" />
    <ClInclude Include="Cubeman_Left_arm.h" />
    <ClInclude Include="Cubeman_Left_leg.h" />
    <ClInclude Include="Cubeman_Right_arm.h" />
    <ClInclude Include="Cubeman_Right_leg.h" />
    <ClInclude Include="D3DUtility.h" />
    <ClInclude Include="Debug.h" />
    <ClInclude Include="DeviceManager.h" />
    <ClInclude Include="DrawingGroup.h" />
    <ClInclude Include="DX3D.h" />
    <ClInclude Include="Enemy.h" />
    <ClInclude Include="Enemyman.h" />
    <ClInclude Include="EnemyManager.h" />
    <ClInclude Include="FontManager.h" />
    <ClInclude Include="Frustum.h" />
    <ClInclude Include="GlobalDefinition.h" />
    <ClInclude Include="Grid.h" />
    <ClInclude Include="Gun.h" />
    <ClInclude Include="Heap.h" />
    <ClInclude Include="HeightMap.h" />
    <ClInclude Include="Hexagon.h" />
    <ClInclude Include="IAction.h" />
    <ClInclude Include="IActionObject.h" />
    <ClInclude Include="IDisplayObject.h" />
    <ClInclude Include="IMap.h" />
    <ClInclude Include="InventoryManager.h" />
    <ClInclude Include="Ironman.h" />
    <ClInclude Include="IScene.h" />
    <ClInclude Include="IShader.h" />
    <ClInclude Include="ItemImage.h" />
    <ClInclude Include="ItemManager.h" />
    <ClInclude Include="IUIObject.h" />
    <ClInclude Include="IUnitObject.h" />
    <ClInclude Include="Keyboard.h" />
    <ClInclude Include="KeyboardManager.h" />
    <ClInclude Include="LightingShader.h" />
    <ClInclude Include="MapManager.h" />
    <ClInclude Include="Mouse.h" />
    <ClInclude Include="ObjLoader.h" />
    <ClInclude Include="ObjManager.h" />
    <ClInclude Include="ObjMap.h" />
    <ClInclude Include="ParticleTest.h" />
    <ClInclude Include="Picking.h" />
    <ClInclude Include="Ray.h" />
    <ClInclude Include="Resource.h" />
    <ClInclude Include="SampleUI.h" />
    <ClInclude Include="SceneGrid.h" />
    <ClInclude Include="SceneHeightmap.h" />
    <ClInclude Include="SceneManager.h" />
    <ClInclude Include="SceneObjMap.h" />
    <ClInclude Include="Scene_UI.h" />
    <ClInclude Include="Shaders.h" />
    <ClInclude Include="ShadowMappingShader.h" />
    <ClInclude Include="Shop.h" />
    <ClInclude Include="SkinnedMesh.h" />
    <ClInclude Include="SkyBox.h" />
    <ClInclude Include="SoundManager.h" />
    <ClInclude Include="stdafx.h" />
    <ClInclude Include="targetver.h" />
    <ClInclude Include="TeachGrid.h" />
    <ClInclude Include="TextureManager.h" />
    <ClInclude Include="TimeManager.h" />
    <ClInclude Include="UIButton.h" />
    <ClInclude Include="UIImage.h" />
    <ClInclude Include="UIManager.h" />
    <ClInclude Include="UIText.h" />
    <ClInclude Include="VertexBlending.h" />
    <ClInclude Include="Walls.h" />
  </ItemGroup>
  <ItemGroup>
    <ResourceCompile Include="DX3D.rc" />
  </ItemGroup>
  <ItemGroup>
    <Image Include="DX3D.ico" />
    <Image Include="small.ico" />
  </ItemGroup>
  <ItemGroup>
    <None Include="ClassDiagram2.cd" />
  </ItemGroup>
  <ItemGroup>
    <Text Include="ReadMe.txt" />
  </ItemGroup>
</Project>