<?xml version="1.0" encoding="utf-8"?>
<Project ToolsVersion="4.0" xmlns="http://schemas.microsoft.com/developer/msbuild/2003">
  <ItemGroup>
    <Filter Include="소스 파일">
      <UniqueIdentifier>{4FC737F1-C7A5-4376-A066-2A32D752A2FF}</UniqueIdentifier>
      <Extensions>cpp;c;cc;cxx;def;odl;idl;hpj;bat;asm;asmx</Extensions>
    </Filter>
    <Filter Include="헤더 파일">
      <UniqueIdentifier>{93995380-89BD-4b04-88EB-625FBE52EBFB}</UniqueIdentifier>
      <Extensions>h;hh;hpp;hxx;hm;inl;inc;xsd</Extensions>
    </Filter>
    <Filter Include="리소스 파일">
      <UniqueIdentifier>{67DA6AB6-F800-4c08-8B7A-83BB121AAD01}</UniqueIdentifier>
      <Extensions>rc;ico;cur;bmp;dlg;rc2;rct;bin;rgs;gif;jpg;jpeg;jpe;resx;tiff;tif;png;wav;mfcribbon-ms</Extensions>
    </Filter>
    <Filter Include="소스 파일\Camera">
      <UniqueIdentifier>{40599a30-7b94-4f2a-b549-13dffc2ee995}</UniqueIdentifier>
    </Filter>
    <Filter Include="소스 파일\LightControl">
      <UniqueIdentifier>{35bb9e38-6441-4c24-ac60-75f7c70bd3aa}</UniqueIdentifier>
    </Filter>
    <Filter Include="소스 파일\POLYGON_exmaple">
      <UniqueIdentifier>{1ff1fdc9-d800-4844-bb05-b5aba35c3784}</UniqueIdentifier>
    </Filter>
    <Filter Include="소스 파일\SCENE_CONTROL">
      <UniqueIdentifier>{0767e59d-13ee-47fb-a362-dafac3e385fa}</UniqueIdentifier>
    </Filter>
    <Filter Include="소스 파일\Debug_UI">
      <UniqueIdentifier>{e4330686-2c07-495e-85f0-6ee551c992af}</UniqueIdentifier>
    </Filter>
    <Filter Include="소스 파일\INTERFACE">
      <UniqueIdentifier>{325b062b-8546-4af9-a9fa-719b2d32313a}</UniqueIdentifier>
    </Filter>
    <Filter Include="소스 파일\MANAGER">
      <UniqueIdentifier>{a00d9923-3bb0-4dec-bf5f-59fce00411ce}</UniqueIdentifier>
    </Filter>
    <Filter Include="소스 파일\SELF_HW">
      <UniqueIdentifier>{f1db5e78-0416-4139-920c-7122dba01e38}</UniqueIdentifier>
    </Filter>
    <Filter Include="소스 파일\SELF_HW\Cube_Man_Self_HW">
      <UniqueIdentifier>{64f33e1b-60be-4f08-8094-bc0b0d46c042}</UniqueIdentifier>
    </Filter>
    <Filter Include="소스 파일\SELF_HW\Grid_Self_HW">
      <UniqueIdentifier>{74e40373-7029-40dc-a35b-5788593bff03}</UniqueIdentifier>
    </Filter>
    <Filter Include="소스 파일\PICKING&amp;RAY">
      <UniqueIdentifier>{a2fd58b2-f1f2-4e87-b235-288223f16ade}</UniqueIdentifier>
    </Filter>
    <Filter Include="소스 파일\UI_CLASS">
      <UniqueIdentifier>{0bfdcd8b-9e41-4d45-b9f8-0578fc01e3b2}</UniqueIdentifier>
    </Filter>
    <Filter Include="소스 파일\SCENE_CONTROL\OBJECT_MAP">
      <UniqueIdentifier>{eb74a751-1923-4940-a46a-a74b198311a2}</UniqueIdentifier>
    </Filter>
    <Filter Include="소스 파일\SCENE_CONTROL\HEIGHT_MAP">
      <UniqueIdentifier>{d3164c29-f3a0-4368-8335-ea26ce694344}</UniqueIdentifier>
    </Filter>
    <Filter Include="소스 파일\SCENE_CONTROL\GRID_MAP">
      <UniqueIdentifier>{b1652ebd-00c4-424d-808a-1b3d30d52fb1}</UniqueIdentifier>
    </Filter>
    <Filter Include="소스 파일\ALGORITHM">
      <UniqueIdentifier>{ac320e76-f291-4022-8c54-d3fc93780087}</UniqueIdentifier>
    </Filter>
    <Filter Include="소스 파일\%28R%29Ase_READ">
      <UniqueIdentifier>{728d84c2-bd5a-4810-a729-e1ddadb39435}</UniqueIdentifier>
    </Filter>
    <Filter Include="소스 파일\%28R%29Obj_READ">
      <UniqueIdentifier>{5b0d5616-6b6f-4cf6-b283-e55171b9b4f3}</UniqueIdentifier>
    </Filter>
    <Filter Include="소스 파일\%28E%29MAP_EFFECT">
      <UniqueIdentifier>{38fb6829-8390-44d4-9dce-7371bb522f04}</UniqueIdentifier>
    </Filter>
    <Filter Include="소스 파일\INPUT_CONTROL">
      <UniqueIdentifier>{a5ed6fed-653d-415b-b7cd-cca4e2c00ba8}</UniqueIdentifier>
    </Filter>
    <Filter Include="소스 파일\SCENE_CONTROL\SKYBOX">
      <UniqueIdentifier>{4b782984-9b5d-46a7-9882-bbe92336b63b}</UniqueIdentifier>
    </Filter>
    <Filter Include="소스 파일\SCENE_CONTROL\UI_TEST_MAP">
      <UniqueIdentifier>{dfcb2b1c-7356-4354-adef-22fb72db25c3}</UniqueIdentifier>
    </Filter>
    <Filter Include="소스 파일\%28R%29X_READ">
      <UniqueIdentifier>{f4a24fb6-dc09-4644-864d-1697820932d1}</UniqueIdentifier>
    </Filter>
    <Filter Include="소스 파일\%28E%29PARTICLE">
      <UniqueIdentifier>{bb69395a-43d7-498a-823d-fbae808a7746}</UniqueIdentifier>
    </Filter>
    <Filter Include="소스 파일\TEACH">
      <UniqueIdentifier>{38d951be-6abc-4ba9-a3b3-bf60fc492715}</UniqueIdentifier>
    </Filter>
    <Filter Include="소스 파일\TEACH\TEACH_ACTION_CUBE">
      <UniqueIdentifier>{6940656f-c12a-4869-97f9-dcce63f4581a}</UniqueIdentifier>
    </Filter>
    <Filter Include="소스 파일\TEACH\TEACH_CUBE_MAN">
      <UniqueIdentifier>{4844938f-e29d-4348-aba2-8bc80bc6ecd5}</UniqueIdentifier>
    </Filter>
    <Filter Include="소스 파일\TEACH\TEACH_GRID">
      <UniqueIdentifier>{861544b8-844a-4b16-a009-0229f718d746}</UniqueIdentifier>
    </Filter>
    <Filter Include="소스 파일\TEACH\TEACH_GRID\Walls_example">
      <UniqueIdentifier>{61f055af-4426-4cb5-9b5e-195418438af3}</UniqueIdentifier>
    </Filter>
    <Filter Include="소스 파일\CHARACTER&amp;MOB">
      <UniqueIdentifier>{13f8af23-4e3d-4bc9-b182-dbe28b1b1369}</UniqueIdentifier>
    </Filter>
    <Filter Include="소스 파일\CHARACTER&amp;MOB\ENEMYControl_ERASE">
      <UniqueIdentifier>{f54047b0-2c7a-4fea-b967-4cfb821410ef}</UniqueIdentifier>
    </Filter>
    <Filter Include="소스 파일\CHARACTER&amp;MOB\IRONMAN">
      <UniqueIdentifier>{c0ff0c67-db17-4f7a-861c-08169e6720da}</UniqueIdentifier>
    </Filter>
    <Filter Include="소스 파일\UI_CLASS\UI_EXAMPLE">
      <UniqueIdentifier>{ba37517d-9cb5-4616-96e8-a923875192de}</UniqueIdentifier>
    </Filter>
    <Filter Include="소스 파일\UI_CLASS\INVEN">
      <UniqueIdentifier>{d493c5c7-6dba-4bc9-8c1e-870d1d80ea72}</UniqueIdentifier>
    </Filter>
    <Filter Include="소스 파일\UI_CLASS\ITEM">
      <UniqueIdentifier>{89a1edd6-d485-4213-93d4-6e25a11b025a}</UniqueIdentifier>
    </Filter>
    <Filter Include="소스 파일\SHADER">
      <UniqueIdentifier>{72b693a8-7a1c-4187-897c-f1b9fbc79e6d}</UniqueIdentifier>
    </Filter>
    <Filter Include="소스 파일\UI_CLASS\SHOP">
      <UniqueIdentifier>{81464e81-dc9b-4004-9cd5-c1575064e898}</UniqueIdentifier>
    </Filter>
  </ItemGroup>
  <ItemGroup>
    <Text Include="ReadMe.txt" />
  </ItemGroup>
  <ItemGroup>
    <ClInclude Include="stdafx.h">
      <Filter>헤더 파일</Filter>
    </ClInclude>
    <ClInclude Include="targetver.h">
      <Filter>헤더 파일</Filter>
    </ClInclude>
    <ClInclude Include="Resource.h">
      <Filter>헤더 파일</Filter>
    </ClInclude>
    <ClInclude Include="DX3D.h">
      <Filter>헤더 파일</Filter>
    </ClInclude>
    <ClInclude Include="Application.h">
      <Filter>헤더 파일</Filter>
    </ClInclude>
    <ClInclude Include="GlobalDefinition.h">
      <Filter>헤더 파일</Filter>
    </ClInclude>
    <ClInclude Include="BaseObject.h">
      <Filter>헤더 파일</Filter>
    </ClInclude>
    <ClInclude Include="Cubeman_Head.h">
      <Filter>소스 파일\SELF_HW\Cube_Man_Self_HW</Filter>
    </ClInclude>
    <ClInclude Include="Cube.h">
      <Filter>소스 파일\SELF_HW\Cube_Man_Self_HW</Filter>
    </ClInclude>
    <ClInclude Include="Cubeman_Left_leg.h">
      <Filter>소스 파일\SELF_HW\Cube_Man_Self_HW</Filter>
    </ClInclude>
    <ClInclude Include="Cubeman_Right_leg.h">
      <Filter>소스 파일\SELF_HW\Cube_Man_Self_HW</Filter>
    </ClInclude>
    <ClInclude Include="Cubeman_Left_arm.h">
      <Filter>소스 파일\SELF_HW\Cube_Man_Self_HW</Filter>
    </ClInclude>
    <ClInclude Include="Cubeman_Right_arm.h">
      <Filter>소스 파일\SELF_HW\Cube_Man_Self_HW</Filter>
    </ClInclude>
    <ClInclude Include="Cubeman.h">
      <Filter>소스 파일\TEACH\TEACH_CUBE_MAN</Filter>
    </ClInclude>
    <ClInclude Include="CubemanParts.h">
      <Filter>소스 파일\TEACH\TEACH_CUBE_MAN</Filter>
    </ClInclude>
    <ClInclude Include="Camera.h">
      <Filter>소스 파일\Camera</Filter>
    </ClInclude>
    <ClInclude Include="D3DUtility.h">
      <Filter>소스 파일\LightControl</Filter>
    </ClInclude>
    <ClInclude Include="Debug.h">
      <Filter>소스 파일\Debug_UI</Filter>
    </ClInclude>
    <ClInclude Include="Walls.h">
      <Filter>소스 파일\TEACH\TEACH_GRID\Walls_example</Filter>
    </ClInclude>
    <ClInclude Include="TeachGrid.h">
      <Filter>소스 파일\TEACH\TEACH_GRID</Filter>
    </ClInclude>
    <ClInclude Include="ActionCube.h">
      <Filter>소스 파일\TEACH\TEACH_ACTION_CUBE</Filter>
    </ClInclude>
    <ClInclude Include="ActionMoveTo.h">
      <Filter>소스 파일\TEACH\TEACH_ACTION_CUBE</Filter>
    </ClInclude>
    <ClInclude Include="ActionRepeat.h">
      <Filter>소스 파일\TEACH\TEACH_ACTION_CUBE</Filter>
    </ClInclude>
    <ClInclude Include="ActionSequence.h">
      <Filter>소스 파일\TEACH\TEACH_ACTION_CUBE</Filter>
    </ClInclude>
    <ClInclude Include="IAction.h">
      <Filter>소스 파일\TEACH\TEACH_ACTION_CUBE</Filter>
    </ClInclude>
    <ClInclude Include="IActionObject.h">
      <Filter>소스 파일\TEACH\TEACH_ACTION_CUBE</Filter>
    </ClInclude>
    <ClInclude Include="Hexagon.h">
      <Filter>소스 파일\POLYGON_exmaple</Filter>
    </ClInclude>
    <ClInclude Include="DrawingGroup.h">
      <Filter>소스 파일\%28R%29Obj_READ</Filter>
    </ClInclude>
    <ClInclude Include="ObjLoader.h">
      <Filter>소스 파일\%28R%29Obj_READ</Filter>
    </ClInclude>
    <ClInclude Include="IMap.h">
      <Filter>소스 파일\INTERFACE</Filter>
    </ClInclude>
    <ClInclude Include="MapManager.h">
      <Filter>소스 파일\MANAGER</Filter>
    </ClInclude>
    <ClInclude Include="TextureManager.h">
      <Filter>소스 파일\MANAGER</Filter>
    </ClInclude>
    <ClInclude Include="IDisplayObject.h">
      <Filter>소스 파일\INTERFACE</Filter>
    </ClInclude>
    <ClInclude Include="SceneManager.h">
      <Filter>소스 파일\MANAGER</Filter>
    </ClInclude>
    <ClInclude Include="KeyboardManager.h">
      <Filter>소스 파일\MANAGER</Filter>
    </ClInclude>
    <ClInclude Include="TimeManager.h">
      <Filter>소스 파일\MANAGER</Filter>
    </ClInclude>
    <ClInclude Include="DeviceManager.h">
      <Filter>소스 파일\MANAGER</Filter>
    </ClInclude>
    <ClInclude Include="IScene.h">
      <Filter>소스 파일\INTERFACE</Filter>
    </ClInclude>
    <ClInclude Include="Grid.h">
      <Filter>소스 파일\SELF_HW\Grid_Self_HW</Filter>
    </ClInclude>
    <ClInclude Include="AseLoader.h">
      <Filter>소스 파일\%28R%29Ase_READ</Filter>
    </ClInclude>
    <ClInclude Include="AseObject.h">
      <Filter>소스 파일\%28R%29Ase_READ</Filter>
    </ClInclude>
    <ClInclude Include="Asciitok.h">
      <Filter>소스 파일\%28R%29Ase_READ</Filter>
    </ClInclude>
    <ClInclude Include="AseCharacter.h">
      <Filter>소스 파일\%28R%29Ase_READ</Filter>
    </ClInclude>
    <ClInclude Include="IUnitObject.h">
      <Filter>소스 파일\INTERFACE</Filter>
    </ClInclude>
    <ClInclude Include="Ray.h">
      <Filter>소스 파일\PICKING&amp;RAY</Filter>
    </ClInclude>
    <ClInclude Include="Picking.h">
      <Filter>소스 파일\PICKING&amp;RAY</Filter>
    </ClInclude>
    <ClInclude Include="ObjManager.h">
      <Filter>소스 파일\MANAGER</Filter>
    </ClInclude>
    <ClInclude Include="SceneGrid.h">
      <Filter>소스 파일\SCENE_CONTROL\GRID_MAP</Filter>
    </ClInclude>
    <ClInclude Include="ObjMap.h">
      <Filter>소스 파일\SCENE_CONTROL\OBJECT_MAP</Filter>
    </ClInclude>
    <ClInclude Include="SceneObjMap.h">
      <Filter>소스 파일\SCENE_CONTROL\OBJECT_MAP</Filter>
    </ClInclude>
    <ClInclude Include="SceneHeightmap.h">
      <Filter>소스 파일\SCENE_CONTROL\HEIGHT_MAP</Filter>
    </ClInclude>
    <ClInclude Include="HeightMap.h">
      <Filter>소스 파일\SCENE_CONTROL\HEIGHT_MAP</Filter>
    </ClInclude>
    <ClInclude Include="IUIObject.h">
      <Filter>소스 파일\INTERFACE</Filter>
    </ClInclude>
    <ClInclude Include="FontManager.h">
      <Filter>소스 파일\MANAGER</Filter>
    </ClInclude>
    <ClInclude Include="AStar.h">
      <Filter>소스 파일\ALGORITHM</Filter>
    </ClInclude>
    <ClInclude Include="AStarNode.h">
      <Filter>소스 파일\ALGORITHM</Filter>
    </ClInclude>
    <ClInclude Include="Heap.h">
      <Filter>소스 파일\ALGORITHM</Filter>
    </ClInclude>
    <ClInclude Include="Frustum.h">
      <Filter>소스 파일\ALGORITHM</Filter>
    </ClInclude>
    <ClInclude Include="ParticleTest.h">
      <Filter>소스 파일\%28E%29MAP_EFFECT</Filter>
    </ClInclude>
    <ClInclude Include="Keyboard.h">
      <Filter>소스 파일\INPUT_CONTROL</Filter>
    </ClInclude>
    <ClInclude Include="Mouse.h">
      <Filter>소스 파일\INPUT_CONTROL</Filter>
    </ClInclude>
    <ClInclude Include="SkyBox.h">
      <Filter>소스 파일\SCENE_CONTROL\SKYBOX</Filter>
    </ClInclude>
    <ClInclude Include="Scene_UI.h">
      <Filter>소스 파일\SCENE_CONTROL\UI_TEST_MAP</Filter>
    </ClInclude>
    <ClInclude Include="VertexBlending.h">
      <Filter>소스 파일\%28E%29MAP_EFFECT</Filter>
    </ClInclude>
    <ClInclude Include="Enemy.h">
      <Filter>소스 파일\CHARACTER&amp;MOB\ENEMYControl_ERASE</Filter>
    </ClInclude>
    <ClInclude Include="EnemyManager.h">
      <Filter>소스 파일\CHARACTER&amp;MOB\ENEMYControl_ERASE</Filter>
    </ClInclude>
    <ClInclude Include="AllocateHierarchy.h">
      <Filter>소스 파일\%28R%29X_READ</Filter>
    </ClInclude>
    <ClInclude Include="SkinnedMesh.h">
      <Filter>소스 파일\%28R%29X_READ</Filter>
    </ClInclude>
    <ClInclude Include="Enemyman.h">
      <Filter>소스 파일\TEACH\TEACH_CUBE_MAN</Filter>
    </ClInclude>
    <ClInclude Include="BloodParticle.h">
      <Filter>소스 파일\%28E%29PARTICLE</Filter>
    </ClInclude>
    <ClInclude Include="SampleUI.h">
      <Filter>소스 파일\UI_CLASS\UI_EXAMPLE</Filter>
    </ClInclude>
    <ClInclude Include="UIButton.h">
      <Filter>소스 파일\UI_CLASS\UI_EXAMPLE</Filter>
    </ClInclude>
    <ClInclude Include="UIImage.h">
      <Filter>소스 파일\UI_CLASS\UI_EXAMPLE</Filter>
    </ClInclude>
    <ClInclude Include="UIText.h">
      <Filter>소스 파일\UI_CLASS\UI_EXAMPLE</Filter>
    </ClInclude>
    <ClInclude Include="ItemImage.h">
      <Filter>소스 파일\UI_CLASS\ITEM</Filter>
    </ClInclude>
    <ClInclude Include="Ironman.h">
      <Filter>소스 파일\CHARACTER&amp;MOB\IRONMAN</Filter>
    </ClInclude>
    <ClInclude Include="BloodEffect.h">
      <Filter>소스 파일\%28E%29PARTICLE</Filter>
    </ClInclude>
    <ClInclude Include="Gun.h">
      <Filter>소스 파일\CHARACTER&amp;MOB\IRONMAN</Filter>
    </ClInclude>
    <ClInclude Include="InventoryManager.h">
      <Filter>소스 파일\UI_CLASS\INVEN</Filter>
    </ClInclude>
    <ClInclude Include="ItemManager.h">
      <Filter>소스 파일\UI_CLASS\INVEN</Filter>
    </ClInclude>
    <ClInclude Include="IShader.h">
      <Filter>소스 파일\SHADER</Filter>
    </ClInclude>
    <ClInclude Include="Shaders.h">
      <Filter>소스 파일\SHADER</Filter>
    </ClInclude>
    <ClInclude Include="ShadowMappingShader.h">
      <Filter>소스 파일\SHADER</Filter>
    </ClInclude>
    <ClInclude Include="LightingShader.h">
      <Filter>소스 파일\SHADER</Filter>
    </ClInclude>
    <ClInclude Include="BoundingBox.h">
      <Filter>소스 파일\CHARACTER&amp;MOB</Filter>
    </ClInclude>
    <ClInclude Include="CharacterStatus.h">
      <Filter>소스 파일\CHARACTER&amp;MOB\IRONMAN</Filter>
    </ClInclude>
    <ClInclude Include="UIManager.h">
      <Filter>소스 파일\UI_CLASS\UI_EXAMPLE</Filter>
    </ClInclude>
<<<<<<< HEAD
    <ClInclude Include="Shop.h">
      <Filter>소스 파일\UI_CLASS\SHOP</Filter>
=======
    <ClInclude Include="SoundManager.h">
      <Filter>소스 파일\MANAGER</Filter>
>>>>>>> aaac6c7f853b698e5d9049c6f279f5462b2a829f
    </ClInclude>
  </ItemGroup>
  <ItemGroup>
    <ClCompile Include="stdafx.cpp">
      <Filter>소스 파일</Filter>
    </ClCompile>
    <ClCompile Include="DX3D.cpp">
      <Filter>소스 파일</Filter>
    </ClCompile>
    <ClCompile Include="Application.cpp">
      <Filter>소스 파일</Filter>
    </ClCompile>
    <ClCompile Include="GlobalDefinition.cpp">
      <Filter>소스 파일</Filter>
    </ClCompile>
    <ClCompile Include="BaseObject.cpp">
      <Filter>소스 파일</Filter>
    </ClCompile>
    <ClCompile Include="Cubeman_Head.cpp">
      <Filter>소스 파일\SELF_HW\Cube_Man_Self_HW</Filter>
    </ClCompile>
    <ClCompile Include="Cube.cpp">
      <Filter>소스 파일\SELF_HW\Cube_Man_Self_HW</Filter>
    </ClCompile>
    <ClCompile Include="Cubeman_Left_leg.cpp">
      <Filter>소스 파일\SELF_HW\Cube_Man_Self_HW</Filter>
    </ClCompile>
    <ClCompile Include="Cubeman_Right_leg.cpp">
      <Filter>소스 파일\SELF_HW\Cube_Man_Self_HW</Filter>
    </ClCompile>
    <ClCompile Include="Cubeman_Left_arm.cpp">
      <Filter>소스 파일\SELF_HW\Cube_Man_Self_HW</Filter>
    </ClCompile>
    <ClCompile Include="Cubeman_Right_arm.cpp">
      <Filter>소스 파일\SELF_HW\Cube_Man_Self_HW</Filter>
    </ClCompile>
    <ClCompile Include="Cubeman.cpp">
      <Filter>소스 파일\TEACH\TEACH_CUBE_MAN</Filter>
    </ClCompile>
    <ClCompile Include="CubemanParts.cpp">
      <Filter>소스 파일\TEACH\TEACH_CUBE_MAN</Filter>
    </ClCompile>
    <ClCompile Include="Camera.cpp">
      <Filter>소스 파일\Camera</Filter>
    </ClCompile>
    <ClCompile Include="D3DUtility.cpp">
      <Filter>소스 파일\LightControl</Filter>
    </ClCompile>
    <ClCompile Include="Debug.cpp">
      <Filter>소스 파일\Debug_UI</Filter>
    </ClCompile>
    <ClCompile Include="Walls.cpp">
      <Filter>소스 파일\TEACH\TEACH_GRID\Walls_example</Filter>
    </ClCompile>
    <ClCompile Include="TeachGrid.cpp">
      <Filter>소스 파일\TEACH\TEACH_GRID</Filter>
    </ClCompile>
    <ClCompile Include="ActionCube.cpp">
      <Filter>소스 파일\TEACH\TEACH_ACTION_CUBE</Filter>
    </ClCompile>
    <ClCompile Include="ActionMoveTo.cpp">
      <Filter>소스 파일\TEACH\TEACH_ACTION_CUBE</Filter>
    </ClCompile>
    <ClCompile Include="ActionRepeat.cpp">
      <Filter>소스 파일\TEACH\TEACH_ACTION_CUBE</Filter>
    </ClCompile>
    <ClCompile Include="ActionSequence.cpp">
      <Filter>소스 파일\TEACH\TEACH_ACTION_CUBE</Filter>
    </ClCompile>
    <ClCompile Include="IAction.cpp">
      <Filter>소스 파일\TEACH\TEACH_ACTION_CUBE</Filter>
    </ClCompile>
    <ClCompile Include="IActionObject.cpp">
      <Filter>소스 파일\TEACH\TEACH_ACTION_CUBE</Filter>
    </ClCompile>
    <ClCompile Include="Hexagon.cpp">
      <Filter>소스 파일\POLYGON_exmaple</Filter>
    </ClCompile>
    <ClCompile Include="DrawingGroup.cpp">
      <Filter>소스 파일\%28R%29Obj_READ</Filter>
    </ClCompile>
    <ClCompile Include="ObjLoader.cpp">
      <Filter>소스 파일\%28R%29Obj_READ</Filter>
    </ClCompile>
    <ClCompile Include="MapManager.cpp">
      <Filter>소스 파일\MANAGER</Filter>
    </ClCompile>
    <ClCompile Include="IDisplayObject.cpp">
      <Filter>소스 파일\INTERFACE</Filter>
    </ClCompile>
    <ClCompile Include="TextureManager.cpp">
      <Filter>소스 파일\MANAGER</Filter>
    </ClCompile>
    <ClCompile Include="SceneManager.cpp">
      <Filter>소스 파일\MANAGER</Filter>
    </ClCompile>
    <ClCompile Include="KeyboardManager.cpp">
      <Filter>소스 파일\MANAGER</Filter>
    </ClCompile>
    <ClCompile Include="TimeManager.cpp">
      <Filter>소스 파일\MANAGER</Filter>
    </ClCompile>
    <ClCompile Include="DeviceManager.cpp">
      <Filter>소스 파일\MANAGER</Filter>
    </ClCompile>
    <ClCompile Include="Grid.cpp">
      <Filter>소스 파일\SELF_HW\Grid_Self_HW</Filter>
    </ClCompile>
    <ClCompile Include="AseLoader.cpp">
      <Filter>소스 파일\%28R%29Ase_READ</Filter>
    </ClCompile>
    <ClCompile Include="AseObject.cpp">
      <Filter>소스 파일\%28R%29Ase_READ</Filter>
    </ClCompile>
    <ClCompile Include="AseCharacter.cpp">
      <Filter>소스 파일\%28R%29Ase_READ</Filter>
    </ClCompile>
    <ClCompile Include="IUnitObject.cpp">
      <Filter>소스 파일\INTERFACE</Filter>
    </ClCompile>
    <ClCompile Include="Picking.cpp">
      <Filter>소스 파일\PICKING&amp;RAY</Filter>
    </ClCompile>
    <ClCompile Include="Ray.cpp">
      <Filter>소스 파일\PICKING&amp;RAY</Filter>
    </ClCompile>
    <ClCompile Include="ObjManager.cpp">
      <Filter>소스 파일\MANAGER</Filter>
    </ClCompile>
    <ClCompile Include="SceneGrid.cpp">
      <Filter>소스 파일\SCENE_CONTROL\GRID_MAP</Filter>
    </ClCompile>
    <ClCompile Include="ObjMap.cpp">
      <Filter>소스 파일\SCENE_CONTROL\OBJECT_MAP</Filter>
    </ClCompile>
    <ClCompile Include="SceneObjMap.cpp">
      <Filter>소스 파일\SCENE_CONTROL\OBJECT_MAP</Filter>
    </ClCompile>
    <ClCompile Include="SceneHeightmap.cpp">
      <Filter>소스 파일\SCENE_CONTROL\HEIGHT_MAP</Filter>
    </ClCompile>
    <ClCompile Include="HeightMap.cpp">
      <Filter>소스 파일\SCENE_CONTROL\HEIGHT_MAP</Filter>
    </ClCompile>
    <ClCompile Include="IUIObject.cpp">
      <Filter>소스 파일\INTERFACE</Filter>
    </ClCompile>
    <ClCompile Include="FontManager.cpp">
      <Filter>소스 파일\MANAGER</Filter>
    </ClCompile>
    <ClCompile Include="AStar.cpp">
      <Filter>소스 파일\ALGORITHM</Filter>
    </ClCompile>
    <ClCompile Include="AStarNode.cpp">
      <Filter>소스 파일\ALGORITHM</Filter>
    </ClCompile>
    <ClCompile Include="Heap.cpp">
      <Filter>소스 파일\ALGORITHM</Filter>
    </ClCompile>
    <ClCompile Include="Frustum.cpp">
      <Filter>소스 파일\ALGORITHM</Filter>
    </ClCompile>
    <ClCompile Include="ParticleTest.cpp">
      <Filter>소스 파일\%28E%29MAP_EFFECT</Filter>
    </ClCompile>
    <ClCompile Include="Keyboard.cpp">
      <Filter>소스 파일\INPUT_CONTROL</Filter>
    </ClCompile>
    <ClCompile Include="Mouse.cpp">
      <Filter>소스 파일\INPUT_CONTROL</Filter>
    </ClCompile>
    <ClCompile Include="SkyBox.cpp">
      <Filter>소스 파일\SCENE_CONTROL\SKYBOX</Filter>
    </ClCompile>
    <ClCompile Include="Scene_UI.cpp">
      <Filter>소스 파일\SCENE_CONTROL\UI_TEST_MAP</Filter>
    </ClCompile>
    <ClCompile Include="VertexBlending.cpp">
      <Filter>소스 파일\%28E%29MAP_EFFECT</Filter>
    </ClCompile>
    <ClCompile Include="Enemy.cpp">
      <Filter>소스 파일\CHARACTER&amp;MOB\ENEMYControl_ERASE</Filter>
    </ClCompile>
    <ClCompile Include="EnemyManager.cpp">
      <Filter>소스 파일\CHARACTER&amp;MOB\ENEMYControl_ERASE</Filter>
    </ClCompile>
    <ClCompile Include="AllocateHierarchy.cpp">
      <Filter>소스 파일\%28R%29X_READ</Filter>
    </ClCompile>
    <ClCompile Include="SkinnedMesh.cpp">
      <Filter>소스 파일\%28R%29X_READ</Filter>
    </ClCompile>
    <ClCompile Include="BloodParticle.cpp">
      <Filter>소스 파일\%28E%29PARTICLE</Filter>
    </ClCompile>
    <ClCompile Include="SampleUI.cpp">
      <Filter>소스 파일\UI_CLASS\UI_EXAMPLE</Filter>
    </ClCompile>
    <ClCompile Include="UIButton.cpp">
      <Filter>소스 파일\UI_CLASS\UI_EXAMPLE</Filter>
    </ClCompile>
    <ClCompile Include="UIImage.cpp">
      <Filter>소스 파일\UI_CLASS\UI_EXAMPLE</Filter>
    </ClCompile>
    <ClCompile Include="UIText.cpp">
      <Filter>소스 파일\UI_CLASS\UI_EXAMPLE</Filter>
    </ClCompile>
    <ClCompile Include="ItemImage.cpp">
      <Filter>소스 파일\UI_CLASS\ITEM</Filter>
    </ClCompile>
    <ClCompile Include="Ironman.cpp">
      <Filter>소스 파일\CHARACTER&amp;MOB\IRONMAN</Filter>
    </ClCompile>
    <ClCompile Include="BloodEffect.cpp">
      <Filter>소스 파일\%28E%29PARTICLE</Filter>
    </ClCompile>
    <ClCompile Include="Gun.cpp">
      <Filter>소스 파일\CHARACTER&amp;MOB\IRONMAN</Filter>
    </ClCompile>
    <ClCompile Include="InventoryManager.cpp">
      <Filter>소스 파일\UI_CLASS\INVEN</Filter>
    </ClCompile>
    <ClCompile Include="ItemManager.cpp">
      <Filter>소스 파일\UI_CLASS\INVEN</Filter>
    </ClCompile>
    <ClCompile Include="Enemyman.cpp">
      <Filter>소스 파일\TEACH\TEACH_CUBE_MAN</Filter>
    </ClCompile>
    <ClCompile Include="Shaders.cpp">
      <Filter>소스 파일\SHADER</Filter>
    </ClCompile>
    <ClCompile Include="ShadowMappingShader.cpp">
      <Filter>소스 파일\SHADER</Filter>
    </ClCompile>
    <ClCompile Include="LightingShader.cpp">
      <Filter>소스 파일\SHADER</Filter>
    </ClCompile>
    <ClCompile Include="BoundingBox.cpp">
      <Filter>소스 파일\CHARACTER&amp;MOB</Filter>
    </ClCompile>
    <ClCompile Include="CharacterStatus.cpp">
      <Filter>소스 파일\CHARACTER&amp;MOB\IRONMAN</Filter>
    </ClCompile>
    <ClCompile Include="UIManager.cpp">
      <Filter>소스 파일\UI_CLASS\UI_EXAMPLE</Filter>
    </ClCompile>
<<<<<<< HEAD
    <ClCompile Include="Shop.cpp">
      <Filter>소스 파일\UI_CLASS\SHOP</Filter>
=======
    <ClCompile Include="SoundManager.cpp">
      <Filter>소스 파일\MANAGER</Filter>
>>>>>>> aaac6c7f853b698e5d9049c6f279f5462b2a829f
    </ClCompile>
  </ItemGroup>
  <ItemGroup>
    <ResourceCompile Include="DX3D.rc">
      <Filter>리소스 파일</Filter>
    </ResourceCompile>
  </ItemGroup>
  <ItemGroup>
    <Image Include="small.ico">
      <Filter>리소스 파일</Filter>
    </Image>
    <Image Include="DX3D.ico">
      <Filter>리소스 파일</Filter>
    </Image>
  </ItemGroup>
  <ItemGroup>
    <None Include="ClassDiagram2.cd" />
  </ItemGroup>
</Project>